
Microsoft Visual Studio Solution File, Format Version 12.00
Project("{FAE04EC0-301F-11D3-BF4B-00C04F79EFBC}") = "Rinkudesu.Gateways.Webui", "Rinkudesu.Gateways.Webui\Rinkudesu.Gateways.Webui.csproj", "{48F3E66A-FBEB-45BE-BE3E-3180D6D06D2D}"
EndProject
Project("{FAE04EC0-301F-11D3-BF4B-00C04F79EFBC}") = "Rinkudesu.Gateways.Clients", "Rinkudesu.Gateways.Clients\Rinkudesu.Gateways.Clients.csproj", "{D9694609-1551-4861-AB88-93876FD35D45}"
EndProject
Project("{FAE04EC0-301F-11D3-BF4B-00C04F79EFBC}") = "Rinkudesu.Gateways.Utils", "Rinkudesu.Gateways.Utils\Rinkudesu.Gateways.Utils.csproj", "{95968BD8-3DD8-4792-AAC6-00D4D12DE134}"
EndProject
Project("{FAE04EC0-301F-11D3-BF4B-00C04F79EFBC}") = "Rinkudesu.Gateways.MessageQueues", "Rinkudesu.Gateways.MessageQueues\Rinkudesu.Gateways.MessageQueues.csproj", "{1F963D7A-DE40-4E78-BF35-4AB4F91CC512}"
EndProject
Project("{FAE04EC0-301F-11D3-BF4B-00C04F79EFBC}") = "Rinkudesu.Gateways.Webui.Tests", "Rinkudesu.Gateways.Webui.Tests\Rinkudesu.Gateways.Webui.Tests.csproj", "{D7B372E0-7211-4F3A-91FC-193662B96B01}"
EndProject
Project("{FAE04EC0-301F-11D3-BF4B-00C04F79EFBC}") = "Rinkudesu.SeleniumTests", "Rinkudesu.SeleniumTests\Rinkudesu.SeleniumTests.csproj", "{D939493A-E210-4860-B8E2-C3BB597D3E3D}"
EndProject
Global
	GlobalSection(SolutionConfigurationPlatforms) = preSolution
		Debug|Any CPU = Debug|Any CPU
		Release|Any CPU = Release|Any CPU
	EndGlobalSection
	GlobalSection(ProjectConfigurationPlatforms) = postSolution
		{48F3E66A-FBEB-45BE-BE3E-3180D6D06D2D}.Debug|Any CPU.ActiveCfg = Debug|Any CPU
		{48F3E66A-FBEB-45BE-BE3E-3180D6D06D2D}.Debug|Any CPU.Build.0 = Debug|Any CPU
		{48F3E66A-FBEB-45BE-BE3E-3180D6D06D2D}.Release|Any CPU.ActiveCfg = Release|Any CPU
		{48F3E66A-FBEB-45BE-BE3E-3180D6D06D2D}.Release|Any CPU.Build.0 = Release|Any CPU
		{D9694609-1551-4861-AB88-93876FD35D45}.Debug|Any CPU.ActiveCfg = Debug|Any CPU
		{D9694609-1551-4861-AB88-93876FD35D45}.Debug|Any CPU.Build.0 = Debug|Any CPU
		{D9694609-1551-4861-AB88-93876FD35D45}.Release|Any CPU.ActiveCfg = Release|Any CPU
		{D9694609-1551-4861-AB88-93876FD35D45}.Release|Any CPU.Build.0 = Release|Any CPU
		{95968BD8-3DD8-4792-AAC6-00D4D12DE134}.Debug|Any CPU.ActiveCfg = Debug|Any CPU
		{95968BD8-3DD8-4792-AAC6-00D4D12DE134}.Debug|Any CPU.Build.0 = Debug|Any CPU
		{95968BD8-3DD8-4792-AAC6-00D4D12DE134}.Release|Any CPU.ActiveCfg = Release|Any CPU
		{95968BD8-3DD8-4792-AAC6-00D4D12DE134}.Release|Any CPU.Build.0 = Release|Any CPU
		{1F963D7A-DE40-4E78-BF35-4AB4F91CC512}.Debug|Any CPU.ActiveCfg = Debug|Any CPU
		{1F963D7A-DE40-4E78-BF35-4AB4F91CC512}.Debug|Any CPU.Build.0 = Debug|Any CPU
		{1F963D7A-DE40-4E78-BF35-4AB4F91CC512}.Release|Any CPU.ActiveCfg = Release|Any CPU
		{1F963D7A-DE40-4E78-BF35-4AB4F91CC512}.Release|Any CPU.Build.0 = Release|Any CPU
		{D7B372E0-7211-4F3A-91FC-193662B96B01}.Debug|Any CPU.ActiveCfg = Debug|Any CPU
		{D7B372E0-7211-4F3A-91FC-193662B96B01}.Debug|Any CPU.Build.0 = Debug|Any CPU
		{D7B372E0-7211-4F3A-91FC-193662B96B01}.Release|Any CPU.ActiveCfg = Release|Any CPU
		{D7B372E0-7211-4F3A-91FC-193662B96B01}.Release|Any CPU.Build.0 = Release|Any CPU
		{D939493A-E210-4860-B8E2-C3BB597D3E3D}.Debug|Any CPU.ActiveCfg = Debug|Any CPU
		{D939493A-E210-4860-B8E2-C3BB597D3E3D}.Debug|Any CPU.Build.0 = Debug|Any CPU
		{D939493A-E210-4860-B8E2-C3BB597D3E3D}.Release|Any CPU.ActiveCfg = Release|Any CPU
		{D939493A-E210-4860-B8E2-C3BB597D3E3D}.Release|Any CPU.Build.0 = Release|Any CPU
	EndGlobalSection
EndGlobal
