
Microsoft Visual Studio Solution File, Format Version 12.00
Project("{FAE04EC0-301F-11D3-BF4B-00C04F79EFBC}") = "Rinkudesu.Gateways.Webui", "Rinkudesu.Gateways.Webui\Rinkudesu.Gateways.Webui.csproj", "{48F3E66A-FBEB-45BE-BE3E-3180D6D06D2D}"
EndProject
Global
	GlobalSection(SolutionConfigurationPlatforms) = preSolution
		Debug|Any CPU = Debug|Any CPU
		Release|Any CPU = Release|Any CPU
	EndGlobalSection
	GlobalSection(ProjectConfigurationPlatforms) = postSolution
		{48F3E66A-FBEB-45BE-BE3E-3180D6D06D2D}.Debug|Any CPU.ActiveCfg = Debug|Any CPU
		{48F3E66A-FBEB-45BE-BE3E-3180D6D06D2D}.Debug|Any CPU.Build.0 = Debug|Any CPU
		{48F3E66A-FBEB-45BE-BE3E-3180D6D06D2D}.Release|Any CPU.ActiveCfg = Release|Any CPU
		{48F3E66A-FBEB-45BE-BE3E-3180D6D06D2D}.Release|Any CPU.Build.0 = Release|Any CPU
	EndGlobalSection
EndGlobal
